
Microsoft Visual Studio Solution File, Format Version 12.00
# Visual Studio Version 17
VisualStudioVersion = 17.4.33205.214
MinimumVisualStudioVersion = 10.0.40219.1
Project("{FAE04EC0-301F-11D3-BF4B-00C04F79EFBC}") = "Qstn 1", "Qstn 1\Qstn 1.csproj", "{DB373157-661F-4CC2-9A47-1AB69B7D4804}"
EndProject
Global
	GlobalSection(SolutionConfigurationPlatforms) = preSolution
		Debug|Any CPU = Debug|Any CPU
		Release|Any CPU = Release|Any CPU
	EndGlobalSection
	GlobalSection(ProjectConfigurationPlatforms) = postSolution
		{DB373157-661F-4CC2-9A47-1AB69B7D4804}.Debug|Any CPU.ActiveCfg = Debug|Any CPU
		{DB373157-661F-4CC2-9A47-1AB69B7D4804}.Debug|Any CPU.Build.0 = Debug|Any CPU
		{DB373157-661F-4CC2-9A47-1AB69B7D4804}.Release|Any CPU.ActiveCfg = Release|Any CPU
		{DB373157-661F-4CC2-9A47-1AB69B7D4804}.Release|Any CPU.Build.0 = Release|Any CPU
	EndGlobalSection
	GlobalSection(SolutionProperties) = preSolution
		HideSolutionNode = FALSE
	EndGlobalSection
	GlobalSection(ExtensibilityGlobals) = postSolution
		SolutionGuid = {54AA5413-505B-4367-BACF-B7D33F125369}
	EndGlobalSection
EndGlobal
